
Microsoft Visual Studio Solution File, Format Version 12.00
# Visual Studio 15
VisualStudioVersion = 15.0.28307.329
MinimumVisualStudioVersion = 10.0.40219.1
Project("{FAE04EC0-301F-11D3-BF4B-00C04F79EFBC}") = "Orientação a Objetos", "Orientação a Objetos\Orientação a Objetos.csproj", "{134712BB-4963-4302-8648-F5B79A6BE321}"
EndProject
Global
	GlobalSection(SolutionConfigurationPlatforms) = preSolution
		Debug|Any CPU = Debug|Any CPU
		Release|Any CPU = Release|Any CPU
	EndGlobalSection
	GlobalSection(ProjectConfigurationPlatforms) = postSolution
		{134712BB-4963-4302-8648-F5B79A6BE321}.Debug|Any CPU.ActiveCfg = Debug|Any CPU
		{134712BB-4963-4302-8648-F5B79A6BE321}.Debug|Any CPU.Build.0 = Debug|Any CPU
		{134712BB-4963-4302-8648-F5B79A6BE321}.Release|Any CPU.ActiveCfg = Release|Any CPU
		{134712BB-4963-4302-8648-F5B79A6BE321}.Release|Any CPU.Build.0 = Release|Any CPU
	EndGlobalSection
	GlobalSection(SolutionProperties) = preSolution
		HideSolutionNode = FALSE
	EndGlobalSection
	GlobalSection(ExtensibilityGlobals) = postSolution
		SolutionGuid = {1E1657C5-DBE3-4524-B5B0-1A0AC2665204}
	EndGlobalSection
EndGlobal
